
Microsoft Visual Studio Solution File, Format Version 12.00
# Visual Studio Version 17
VisualStudioVersion = 17.14.36603.0 d17.14
MinimumVisualStudioVersion = 10.0.40219.1
Project("{FAE04EC0-301F-11D3-BF4B-00C04F79EFBC}") = "WinFormsApp1", "WinFormsApp1\WinFormsApp1.csproj", "{EC5D50C4-8023-4004-BB82-7E2DFC1C1358}"
EndProject
Global
	GlobalSection(SolutionConfigurationPlatforms) = preSolution
		Debug|Any CPU = Debug|Any CPU
		Release|Any CPU = Release|Any CPU
	EndGlobalSection
	GlobalSection(ProjectConfigurationPlatforms) = postSolution
		{EC5D50C4-8023-4004-BB82-7E2DFC1C1358}.Debug|Any CPU.ActiveCfg = Debug|Any CPU
		{EC5D50C4-8023-4004-BB82-7E2DFC1C1358}.Debug|Any CPU.Build.0 = Debug|Any CPU
		{EC5D50C4-8023-4004-BB82-7E2DFC1C1358}.Release|Any CPU.ActiveCfg = Release|Any CPU
		{EC5D50C4-8023-4004-BB82-7E2DFC1C1358}.Release|Any CPU.Build.0 = Release|Any CPU
	EndGlobalSection
	GlobalSection(SolutionProperties) = preSolution
		HideSolutionNode = FALSE
	EndGlobalSection
	GlobalSection(ExtensibilityGlobals) = postSolution
		SolutionGuid = {79185820-991B-405E-8360-57768979F15F}
	EndGlobalSection
EndGlobal
